// !$*UTF8*$!
{
	archiveVersion = 1;
	classes = {
	};
	objectVersion = 46;
	objects = {

/* Begin PBXBuildFile section */
		E6028D1F17A872AA003544C6 /* iphone5-inside-1.png in Resources */ = {isa = PBXBuildFile; fileRef = E6028D1B17A872AA003544C6 /* iphone5-inside-1.png */; };
		E6028D2017A872AA003544C6 /* iphone5-inside-2.png in Resources */ = {isa = PBXBuildFile; fileRef = E6028D1C17A872AA003544C6 /* iphone5-inside-2.png */; };
		E6028D2117A872AA003544C6 /* iphone5-inside-3.png in Resources */ = {isa = PBXBuildFile; fileRef = E6028D1D17A872AA003544C6 /* iphone5-inside-3.png */; };
		E6028D2217A872AA003544C6 /* iphone5-inside-4.png in Resources */ = {isa = PBXBuildFile; fileRef = E6028D1E17A872AA003544C6 /* iphone5-inside-4.png */; };
		E6028D2417A8751E003544C6 /* inner-jobs.png in Resources */ = {isa = PBXBuildFile; fileRef = E6028D2317A8751E003544C6 /* inner-jobs.png */; };
		E6028D2617A8771D003544C6 /* inside-iphone-icon.png in Resources */ = {isa = PBXBuildFile; fileRef = E6028D2517A8771D003544C6 /* inside-iphone-icon.png */; };
		E6197B1217A85B5F0084F18F /* UIKit.framework in Frameworks */ = {isa = PBXBuildFile; fileRef = E6197B1117A85B5F0084F18F /* UIKit.framework */; };
		E6197B1417A85B5F0084F18F /* Foundation.framework in Frameworks */ = {isa = PBXBuildFile; fileRef = E6197B1317A85B5F0084F18F /* Foundation.framework */; };
		E6197B1617A85B5F0084F18F /* CoreGraphics.framework in Frameworks */ = {isa = PBXBuildFile; fileRef = E6197B1517A85B5F0084F18F /* CoreGraphics.framework */; };
		E6197B1C17A85B5F0084F18F /* InfoPlist.strings in Resources */ = {isa = PBXBuildFile; fileRef = E6197B1A17A85B5F0084F18F /* InfoPlist.strings */; };
		E6197B1E17A85B5F0084F18F /* main.m in Sources */ = {isa = PBXBuildFile; fileRef = E6197B1D17A85B5F0084F18F /* main.m */; };
		E6197B2217A85B5F0084F18F /* InsideIphoneAppDelegate.m in Sources */ = {isa = PBXBuildFile; fileRef = E6197B2117A85B5F0084F18F /* InsideIphoneAppDelegate.m */; };
		E6197B2417A85B5F0084F18F /* Default.png in Resources */ = {isa = PBXBuildFile; fileRef = E6197B2317A85B5F0084F18F /* Default.png */; };
		E6197B2617A85B5F0084F18F /* Default@2x.png in Resources */ = {isa = PBXBuildFile; fileRef = E6197B2517A85B5F0084F18F /* Default@2x.png */; };
		E6197B2817A85B5F0084F18F /* Default-568h@2x.png in Resources */ = {isa = PBXBuildFile; fileRef = E6197B2717A85B5F0084F18F /* Default-568h@2x.png */; };
		E6197B2B17A85B5F0084F18F /* MainStoryboard.storyboard in Resources */ = {isa = PBXBuildFile; fileRef = E6197B2917A85B5F0084F18F /* MainStoryboard.storyboard */; };
		E6197B2E17A85B5F0084F18F /* InsideIphoneViewController.m in Sources */ = {isa = PBXBuildFile; fileRef = E6197B2D17A85B5F0084F18F /* InsideIphoneViewController.m */; };
/* End PBXBuildFile section */

/* Begin PBXFileReference section */
		E6028D1B17A872AA003544C6 /* iphone5-inside-1.png */ = {isa = PBXFileReference; lastKnownFileType = image.png; path = "iphone5-inside-1.png"; sourceTree = "<group>"; };
		E6028D1C17A872AA003544C6 /* iphone5-inside-2.png */ = {isa = PBXFileReference; lastKnownFileType = image.png; path = "iphone5-inside-2.png"; sourceTree = "<group>"; };
		E6028D1D17A872AA003544C6 /* iphone5-inside-3.png */ = {isa = PBXFileReference; lastKnownFileType = image.png; path = "iphone5-inside-3.png"; sourceTree = "<group>"; };
		E6028D1E17A872AA003544C6 /* iphone5-inside-4.png */ = {isa = PBXFileReference; lastKnownFileType = image.png; path = "iphone5-inside-4.png"; sourceTree = "<group>"; };
		E6028D2317A8751E003544C6 /* inner-jobs.png */ = {isa = PBXFileReference; lastKnownFileType = image.png; path = "inner-jobs.png"; sourceTree = "<group>"; };
		E6028D2517A8771D003544C6 /* inside-iphone-icon.png */ = {isa = PBXFileReference; lastKnownFileType = image.png; path = "inside-iphone-icon.png"; sourceTree = "<group>"; };
		E6197B0E17A85B5F0084F18F /* Inside iPhone.app */ = {isa = PBXFileReference; explicitFileType = wrapper.application; includeInIndex = 0; path = "Inside iPhone.app"; sourceTree = BUILT_PRODUCTS_DIR; };
		E6197B1117A85B5F0084F18F /* UIKit.framework */ = {isa = PBXFileReference; lastKnownFileType = wrapper.framework; name = UIKit.framework; path = System/Library/Frameworks/UIKit.framework; sourceTree = SDKROOT; };
		E6197B1317A85B5F0084F18F /* Foundation.framework */ = {isa = PBXFileReference; lastKnownFileType = wrapper.framework; name = Foundation.framework; path = System/Library/Frameworks/Foundation.framework; sourceTree = SDKROOT; };
		E6197B1517A85B5F0084F18F /* CoreGraphics.framework */ = {isa = PBXFileReference; lastKnownFileType = wrapper.framework; name = CoreGraphics.framework; path = System/Library/Frameworks/CoreGraphics.framework; sourceTree = SDKROOT; };
		E6197B1917A85B5F0084F18F /* Inside iPhone-Info.plist */ = {isa = PBXFileReference; lastKnownFileType = text.plist.xml; path = "Inside iPhone-Info.plist"; sourceTree = "<group>"; };
		E6197B1B17A85B5F0084F18F /* en */ = {isa = PBXFileReference; lastKnownFileType = text.plist.strings; name = en; path = en.lproj/InfoPlist.strings; sourceTree = "<group>"; };
		E6197B1D17A85B5F0084F18F /* main.m */ = {isa = PBXFileReference; lastKnownFileType = sourcecode.c.objc; path = main.m; sourceTree = "<group>"; };
		E6197B1F17A85B5F0084F18F /* Inside iPhone-Prefix.pch */ = {isa = PBXFileReference; lastKnownFileType = sourcecode.c.h; path = "Inside iPhone-Prefix.pch"; sourceTree = "<group>"; };
		E6197B2017A85B5F0084F18F /* InsideIphoneAppDelegate.h */ = {isa = PBXFileReference; lastKnownFileType = sourcecode.c.h; path = InsideIphoneAppDelegate.h; sourceTree = "<group>"; };
		E6197B2117A85B5F0084F18F /* InsideIphoneAppDelegate.m */ = {isa = PBXFileReference; lastKnownFileType = sourcecode.c.objc; path = InsideIphoneAppDelegate.m; sourceTree = "<group>"; };
		E6197B2317A85B5F0084F18F /* Default.png */ = {isa = PBXFileReference; lastKnownFileType = image.png; path = Default.png; sourceTree = "<group>"; };
		E6197B2517A85B5F0084F18F /* Default@2x.png */ = {isa = PBXFileReference; lastKnownFileType = image.png; path = "Default@2x.png"; sourceTree = "<group>"; };
		E6197B2717A85B5F0084F18F /* Default-568h@2x.png */ = {isa = PBXFileReference; lastKnownFileType = image.png; path = "Default-568h@2x.png"; sourceTree = "<group>"; };
		E6197B2A17A85B5F0084F18F /* en */ = {isa = PBXFileReference; lastKnownFileType = file.storyboard; name = en; path = en.lproj/MainStoryboard.storyboard; sourceTree = "<group>"; };
		E6197B2C17A85B5F0084F18F /* InsideIphoneViewController.h */ = {isa = PBXFileReference; lastKnownFileType = sourcecode.c.h; path = InsideIphoneViewController.h; sourceTree = "<group>"; };
		E6197B2D17A85B5F0084F18F /* InsideIphoneViewController.m */ = {isa = PBXFileReference; lastKnownFileType = sourcecode.c.objc; path = InsideIphoneViewController.m; sourceTree = "<group>"; };
/* End PBXFileReference section */

/* Begin PBXFrameworksBuildPhase section */
		E6197B0B17A85B5F0084F18F /* Frameworks */ = {
			isa = PBXFrameworksBuildPhase;
			buildActionMask = 2147483647;
			files = (
				E6197B1217A85B5F0084F18F /* UIKit.framework in Frameworks */,
				E6197B1417A85B5F0084F18F /* Foundation.framework in Frameworks */,
				E6197B1617A85B5F0084F18F /* CoreGraphics.framework in Frameworks */,
			);
			runOnlyForDeploymentPostprocessing = 0;
		};
/* End PBXFrameworksBuildPhase section */

/* Begin PBXGroup section */
		E6028D1A17A872AA003544C6 /* assets */ = {
			isa = PBXGroup;
			children = (
				E6028D2317A8751E003544C6 /* inner-jobs.png */,
				E6028D1B17A872AA003544C6 /* iphone5-inside-1.png */,
				E6028D1C17A872AA003544C6 /* iphone5-inside-2.png */,
				E6028D1D17A872AA003544C6 /* iphone5-inside-3.png */,
				E6028D1E17A872AA003544C6 /* iphone5-inside-4.png */,
			);
			path = assets;
			sourceTree = "<group>";
		};
		E6197B0517A85B5F0084F18F = {
			isa = PBXGroup;
			children = (
				E6028D2517A8771D003544C6 /* inside-iphone-icon.png */,
				E6197B1717A85B5F0084F18F /* Inside iPhone */,
				E6197B1017A85B5F0084F18F /* Frameworks */,
				E6197B0F17A85B5F0084F18F /* Products */,
			);
			sourceTree = "<group>";
		};
		E6197B0F17A85B5F0084F18F /* Products */ = {
			isa = PBXGroup;
			children = (
				E6197B0E17A85B5F0084F18F /* Inside iPhone.app */,
			);
			name = Products;
			sourceTree = "<group>";
		};
		E6197B1017A85B5F0084F18F /* Frameworks */ = {
			isa = PBXGroup;
			children = (
				E6197B1117A85B5F0084F18F /* UIKit.framework */,
				E6197B1317A85B5F0084F18F /* Foundation.framework */,
				E6197B1517A85B5F0084F18F /* CoreGraphics.framework */,
			);
			name = Frameworks;
			sourceTree = "<group>";
		};
		E6197B1717A85B5F0084F18F /* Inside iPhone */ = {
			isa = PBXGroup;
			children = (
				E6028D1A17A872AA003544C6 /* assets */,
				E6197B2017A85B5F0084F18F /* InsideIphoneAppDelegate.h */,
				E6197B2117A85B5F0084F18F /* InsideIphoneAppDelegate.m */,
				E6197B2917A85B5F0084F18F /* MainStoryboard.storyboard */,
				E6197B2C17A85B5F0084F18F /* InsideIphoneViewController.h */,
				E6197B2D17A85B5F0084F18F /* InsideIphoneViewController.m */,
				E6197B1817A85B5F0084F18F /* Supporting Files */,
			);
			path = "Inside iPhone";
			sourceTree = "<group>";
		};
		E6197B1817A85B5F0084F18F /* Supporting Files */ = {
			isa = PBXGroup;
			children = (
				E6197B1917A85B5F0084F18F /* Inside iPhone-Info.plist */,
				E6197B1A17A85B5F0084F18F /* InfoPlist.strings */,
				E6197B1D17A85B5F0084F18F /* main.m */,
				E6197B1F17A85B5F0084F18F /* Inside iPhone-Prefix.pch */,
				E6197B2317A85B5F0084F18F /* Default.png */,
				E6197B2517A85B5F0084F18F /* Default@2x.png */,
				E6197B2717A85B5F0084F18F /* Default-568h@2x.png */,
			);
			name = "Supporting Files";
			sourceTree = "<group>";
		};
/* End PBXGroup section */

/* Begin PBXNativeTarget section */
		E6197B0D17A85B5F0084F18F /* Inside iPhone */ = {
			isa = PBXNativeTarget;
			buildConfigurationList = E6197B3117A85B5F0084F18F /* Build configuration list for PBXNativeTarget "Inside iPhone" */;
			buildPhases = (
				E6197B0A17A85B5F0084F18F /* Sources */,
				E6197B0B17A85B5F0084F18F /* Frameworks */,
				E6197B0C17A85B5F0084F18F /* Resources */,
			);
			buildRules = (
			);
			dependencies = (
			);
			name = "Inside iPhone";
			productName = "Inside iPhone";
			productReference = E6197B0E17A85B5F0084F18F /* Inside iPhone.app */;
			productType = "com.apple.product-type.application";
		};
/* End PBXNativeTarget section */

/* Begin PBXProject section */
		E6197B0617A85B5F0084F18F /* Project object */ = {
			isa = PBXProject;
			attributes = {
				CLASSPREFIX = InsideIphone;
				LastUpgradeCheck = 0460;
				ORGANIZATIONNAME = "Sergey Surganov";
			};
			buildConfigurationList = E6197B0917A85B5F0084F18F /* Build configuration list for PBXProject "Inside iPhone" */;
			compatibilityVersion = "Xcode 3.2";
			developmentRegion = English;
			hasScannedForEncodings = 0;
			knownRegions = (
				en,
			);
			mainGroup = E6197B0517A85B5F0084F18F;
			productRefGroup = E6197B0F17A85B5F0084F18F /* Products */;
			projectDirPath = "";
			projectRoot = "";
			targets = (
				E6197B0D17A85B5F0084F18F /* Inside iPhone */,
			);
		};
/* End PBXProject section */

/* Begin PBXResourcesBuildPhase section */
		E6197B0C17A85B5F0084F18F /* Resources */ = {
			isa = PBXResourcesBuildPhase;
			buildActionMask = 2147483647;
			files = (
				E6197B1C17A85B5F0084F18F /* InfoPlist.strings in Resources */,
				E6197B2417A85B5F0084F18F /* Default.png in Resources */,
				E6197B2617A85B5F0084F18F /* Default@2x.png in Resources */,
				E6197B2817A85B5F0084F18F /* Default-568h@2x.png in Resources */,
				E6197B2B17A85B5F0084F18F /* MainStoryboard.storyboard in Resources */,
				E6028D1F17A872AA003544C6 /* iphone5-inside-1.png in Resources */,
				E6028D2017A872AA003544C6 /* iphone5-inside-2.png in Resources */,
				E6028D2117A872AA003544C6 /* iphone5-inside-3.png in Resources */,
				E6028D2217A872AA003544C6 /* iphone5-inside-4.png in Resources */,
				E6028D2417A8751E003544C6 /* inner-jobs.png in Resources */,
				E6028D2617A8771D003544C6 /* inside-iphone-icon.png in Resources */,
			);
			runOnlyForDeploymentPostprocessing = 0;
		};
/* End PBXResourcesBuildPhase section */

/* Begin PBXSourcesBuildPhase section */
		E6197B0A17A85B5F0084F18F /* Sources */ = {
			isa = PBXSourcesBuildPhase;
			buildActionMask = 2147483647;
			files = (
				E6197B1E17A85B5F0084F18F /* main.m in Sources */,
				E6197B2217A85B5F0084F18F /* InsideIphoneAppDelegate.m in Sources */,
				E6197B2E17A85B5F0084F18F /* InsideIphoneViewController.m in Sources */,
			);
			runOnlyForDeploymentPostprocessing = 0;
		};
/* End PBXSourcesBuildPhase section */

/* Begin PBXVariantGroup section */
		E6197B1A17A85B5F0084F18F /* InfoPlist.strings */ = {
			isa = PBXVariantGroup;
			children = (
				E6197B1B17A85B5F0084F18F /* en */,
			);
			name = InfoPlist.strings;
			sourceTree = "<group>";
		};
		E6197B2917A85B5F0084F18F /* MainStoryboard.storyboard */ = {
			isa = PBXVariantGroup;
			children = (
				E6197B2A17A85B5F0084F18F /* en */,
			);
			name = MainStoryboard.storyboard;
			sourceTree = "<group>";
		};
/* End PBXVariantGroup section */

/* Begin XCBuildConfiguration section */
		E6197B2F17A85B5F0084F18F /* Debug */ = {
			isa = XCBuildConfiguration;
			buildSettings = {
				ALWAYS_SEARCH_USER_PATHS = NO;
				CLANG_CXX_LANGUAGE_STANDARD = "gnu++0x";
				CLANG_CXX_LIBRARY = "libc++";
				CLANG_ENABLE_OBJC_ARC = YES;
				CLANG_WARN_CONSTANT_CONVERSION = YES;
				CLANG_WARN_EMPTY_BODY = YES;
				CLANG_WARN_ENUM_CONVERSION = YES;
				CLANG_WARN_INT_CONVERSION = YES;
				CLANG_WARN__DUPLICATE_METHOD_MATCH = YES;
				"CODE_SIGN_IDENTITY[sdk=iphoneos*]" = "iPhone Developer";
				COPY_PHASE_STRIP = NO;
				GCC_C_LANGUAGE_STANDARD = gnu99;
				GCC_DYNAMIC_NO_PIC = NO;
				GCC_OPTIMIZATION_LEVEL = 0;
				GCC_PREPROCESSOR_DEFINITIONS = (
					"DEBUG=1",
					"$(inherited)",
				);
				GCC_SYMBOLS_PRIVATE_EXTERN = NO;
				GCC_WARN_ABOUT_RETURN_TYPE = YES;
				GCC_WARN_UNINITIALIZED_AUTOS = YES;
				GCC_WARN_UNUSED_VARIABLE = YES;
				IPHONEOS_DEPLOYMENT_TARGET = 6.1;
				ONLY_ACTIVE_ARCH = YES;
				SDKROOT = iphoneos;
			};
			name = Debug;
		};
		E6197B3017A85B5F0084F18F /* Release */ = {
			isa = XCBuildConfiguration;
			buildSettings = {
				ALWAYS_SEARCH_USER_PATHS = NO;
				CLANG_CXX_LANGUAGE_STANDARD = "gnu++0x";
				CLANG_CXX_LIBRARY = "libc++";
				CLANG_ENABLE_OBJC_ARC = YES;
				CLANG_WARN_CONSTANT_CONVERSION = YES;
				CLANG_WARN_EMPTY_BODY = YES;
				CLANG_WARN_ENUM_CONVERSION = YES;
				CLANG_WARN_INT_CONVERSION = YES;
				CLANG_WARN__DUPLICATE_METHOD_MATCH = YES;
				"CODE_SIGN_IDENTITY[sdk=iphoneos*]" = "iPhone Developer";
				COPY_PHASE_STRIP = YES;
				GCC_C_LANGUAGE_STANDARD = gnu99;
				GCC_WARN_ABOUT_RETURN_TYPE = YES;
				GCC_WARN_UNINITIALIZED_AUTOS = YES;
				GCC_WARN_UNUSED_VARIABLE = YES;
				IPHONEOS_DEPLOYMENT_TARGET = 6.1;
				OTHER_CFLAGS = "-DNS_BLOCK_ASSERTIONS=1";
				SDKROOT = iphoneos;
				VALIDATE_PRODUCT = YES;
			};
			name = Release;
		};
		E6197B3217A85B5F0084F18F /* Debug */ = {
			isa = XCBuildConfiguration;
			buildSettings = {
				GCC_PRECOMPILE_PREFIX_HEADER = YES;
				GCC_PREFIX_HEADER = "Inside iPhone/Inside iPhone-Prefix.pch";
				INFOPLIST_FILE = "Inside iPhone/Inside iPhone-Info.plist";
				PRODUCT_NAME = "$(TARGET_NAME)";
				WRAPPER_EXTENSION = app;
			};
			name = Debug;
		};
		E6197B3317A85B5F0084F18F /* Release */ = {
			isa = XCBuildConfiguration;
			buildSettings = {
				GCC_PRECOMPILE_PREFIX_HEADER = YES;
				GCC_PREFIX_HEADER = "Inside iPhone/Inside iPhone-Prefix.pch";
				INFOPLIST_FILE = "Inside iPhone/Inside iPhone-Info.plist";
				PRODUCT_NAME = "$(TARGET_NAME)";
				WRAPPER_EXTENSION = app;
			};
			name = Release;
		};
/* End XCBuildConfiguration section */

/* Begin XCConfigurationList section */
		E6197B0917A85B5F0084F18F /* Build configuration list for PBXProject "Inside iPhone" */ = {
			isa = XCConfigurationList;
			buildConfigurations = (
				E6197B2F17A85B5F0084F18F /* Debug */,
				E6197B3017A85B5F0084F18F /* Release */,
			);
			defaultConfigurationIsVisible = 0;
			defaultConfigurationName = Release;
		};
		E6197B3117A85B5F0084F18F /* Build configuration list for PBXNativeTarget "Inside iPhone" */ = {
			isa = XCConfigurationList;
			buildConfigurations = (
				E6197B3217A85B5F0084F18F /* Debug */,
				E6197B3317A85B5F0084F18F /* Release */,
			);
			defaultConfigurationIsVisible = 0;
			defaultConfigurationName = Release;
		};
/* End XCConfigurationList section */
	};
	rootObject = E6197B0617A85B5F0084F18F /* Project object */;
}
